
Microsoft Visual Studio Solution File, Format Version 12.00
# Visual Studio Version 17
VisualStudioVersion = 17.7.34221.43
MinimumVisualStudioVersion = 10.0.40219.1
Project("{FAE04EC0-301F-11D3-BF4B-00C04F79EFBC}") = "CRUDBASICO", "CRUDBASICO\CRUDBASICO.csproj", "{359B7761-D56A-45A1-9FB2-6B3685A06B27}"
EndProject
Global
	GlobalSection(SolutionConfigurationPlatforms) = preSolution
		Debug|Any CPU = Debug|Any CPU
		Release|Any CPU = Release|Any CPU
	EndGlobalSection
	GlobalSection(ProjectConfigurationPlatforms) = postSolution
		{359B7761-D56A-45A1-9FB2-6B3685A06B27}.Debug|Any CPU.ActiveCfg = Debug|Any CPU
		{359B7761-D56A-45A1-9FB2-6B3685A06B27}.Debug|Any CPU.Build.0 = Debug|Any CPU
		{359B7761-D56A-45A1-9FB2-6B3685A06B27}.Release|Any CPU.ActiveCfg = Release|Any CPU
		{359B7761-D56A-45A1-9FB2-6B3685A06B27}.Release|Any CPU.Build.0 = Release|Any CPU
	EndGlobalSection
	GlobalSection(SolutionProperties) = preSolution
		HideSolutionNode = FALSE
	EndGlobalSection
	GlobalSection(ExtensibilityGlobals) = postSolution
		SolutionGuid = {CC08E800-D1A5-4D6F-A3D3-3C44C766529D}
	EndGlobalSection
EndGlobal
